// !$*UTF8*$!
{
	archiveVersion = 1;
	classes = {
	};
	objectVersion = 70;
	objects = {

/* Begin PBXBuildFile section */
		7E9F8B4E2FD6386900BB6AC0 /* PhotoAddTabView.swift in Sources */ = {isa = PBXBuildFile; fileRef = 7E9F8B4B2FD6386900BB6AC0 /* PhotoAddTabView.swift */; };
		7E9F8B4F2FD6386900BB6AC0 /* ItemConfirmView.swift in Sources */ = {isa = PBXBuildFile; fileRef = 7E9F8B4A2FD6386900BB6AC0 /* ItemConfirmView.swift */; };
		7E9F8B502FD6386900BB6AC0 /* PhotoCaptureView.swift in Sources */ = {isa = PBXBuildFile; fileRef = 7E9F8B4C2FD6386900BB6AC0 /* PhotoCaptureView.swift */; };
		7E9F8B512FD6386900BB6AC0 /* ReceiptReviewView.swift in Sources */ = {isa = PBXBuildFile; fileRef = 7E9F8B4D2FD6386900BB6AC0 /* ReceiptReviewView.swift */; };
		7E9F8B542FD638C400BB6AC0 /* CabinetInferenceService.swift in Sources */ = {isa = PBXBuildFile; fileRef = 7E9F8B522FD638C400BB6AC0 /* CabinetInferenceService.swift */; };
		7E9F8B552FD638C400BB6AC0 /* GeminiService.swift in Sources */ = {isa = PBXBuildFile; fileRef = 7E9F8B532FD638C400BB6AC0 /* GeminiService.swift */; };
		7E9F8B672FDA67AD00BB6AC0 /* AIDiscoveryView.swift in Sources */ = {isa = PBXBuildFile; fileRef = 7E9F8B662FDA67AD00BB6AC0 /* AIDiscoveryView.swift */; };
		7E9F8B692FDA67C600BB6AC0 /* DiscoveryService.swift in Sources */ = {isa = PBXBuildFile; fileRef = 7E9F8B682FDA67C600BB6AC0 /* DiscoveryService.swift */; };
		A1B2C3D400000001 /* DobbyApp.swift in Sources */ = {isa = PBXBuildFile; fileRef = A1B2C3D400000101 /* DobbyApp.swift */; };
		A1B2C3D400000002 /* ContentView.swift in Sources */ = {isa = PBXBuildFile; fileRef = A1B2C3D400000102 /* ContentView.swift */; };
		A1B2C3D400000003 /* Room.swift in Sources */ = {isa = PBXBuildFile; fileRef = A1B2C3D400000103 /* Room.swift */; };
		A1B2C3D400000004 /* Cabinet.swift in Sources */ = {isa = PBXBuildFile; fileRef = A1B2C3D400000104 /* Cabinet.swift */; };
		A1B2C3D400000005 /* Item.swift in Sources */ = {isa = PBXBuildFile; fileRef = A1B2C3D400000105 /* Item.swift */; };
		A1B2C3D400000006 /* RoomListView.swift in Sources */ = {isa = PBXBuildFile; fileRef = A1B2C3D400000106 /* RoomListView.swift */; };
		A1B2C3D400000007 /* AddRoomView.swift in Sources */ = {isa = PBXBuildFile; fileRef = A1B2C3D400000107 /* AddRoomView.swift */; };
		A1B2C3D400000008 /* CabinetListView.swift in Sources */ = {isa = PBXBuildFile; fileRef = A1B2C3D400000108 /* CabinetListView.swift */; };
		A1B2C3D400000009 /* AddCabinetView.swift in Sources */ = {isa = PBXBuildFile; fileRef = A1B2C3D400000109 /* AddCabinetView.swift */; };
		A1B2C3D40000000A /* ItemListView.swift in Sources */ = {isa = PBXBuildFile; fileRef = A1B2C3D40000010A /* ItemListView.swift */; };
		A1B2C3D40000000B /* AddItemView.swift in Sources */ = {isa = PBXBuildFile; fileRef = A1B2C3D40000010B /* AddItemView.swift */; };
		A1B2C3D40000000C /* ItemDetailView.swift in Sources */ = {isa = PBXBuildFile; fileRef = A1B2C3D40000010C /* ItemDetailView.swift */; };
		A1B2C3D40000000D /* CameraView.swift in Sources */ = {isa = PBXBuildFile; fileRef = A1B2C3D40000010D /* CameraView.swift */; };
		A1B2C3D40000000E /* SearchView.swift in Sources */ = {isa = PBXBuildFile; fileRef = A1B2C3D40000010E /* SearchView.swift */; };
		A1B2C3D40000000F /* Assets.xcassets in Resources */ = {isa = PBXBuildFile; fileRef = A1B2C3D40000010F /* Assets.xcassets */; };
		A1B2C3D400000010 /* NotificationManager.swift in Sources */ = {isa = PBXBuildFile; fileRef = A1B2C3D400000111 /* NotificationManager.swift */; };
		A1B2C3D400000011 /* MoveItemsView.swift in Sources */ = {isa = PBXBuildFile; fileRef = A1B2C3D400000112 /* MoveItemsView.swift */; };
		A1B2C3D400000012 /* CSVService.swift in Sources */ = {isa = PBXBuildFile; fileRef = A1B2C3D400000113 /* CSVService.swift */; };
		A1B2C3D400000020 /* PersistenceController.swift in Sources */ = {isa = PBXBuildFile; fileRef = A1B2C3D400000120 /* PersistenceController.swift */; };
		A1B2C3D400000030 /* CloudSharingController.swift in Sources */ = {isa = PBXBuildFile; fileRef = A1B2C3D400000130 /* CloudSharingController.swift */; };
		A1B2C3D400000031 /* SharingManager.swift in Sources */ = {isa = PBXBuildFile; fileRef = A1B2C3D400000131 /* SharingManager.swift */; };
/* End PBXBuildFile section */

/* Begin PBXContainerItemProxy section */
		7E9F8B3B2FD6360000BB6AC0 /* PBXContainerItemProxy */ = {
			isa = PBXContainerItemProxy;
			containerPortal = A1B2C3D400000701 /* Project object */;
			proxyType = 1;
			remoteGlobalIDString = A1B2C3D400000401;
			remoteInfo = Dobby;
		};
/* End PBXContainerItemProxy section */

/* Begin PBXFileReference section */
		7E9F8B372FD635FF00BB6AC0 /* DobbyTests.xctest */ = {isa = PBXFileReference; explicitFileType = wrapper.cfbundle; includeInIndex = 0; path = DobbyTests.xctest; sourceTree = BUILT_PRODUCTS_DIR; };
		7E9F8B4A2FD6386900BB6AC0 /* ItemConfirmView.swift */ = {isa = PBXFileReference; lastKnownFileType = sourcecode.swift; path = ItemConfirmView.swift; sourceTree = "<group>"; };
		7E9F8B4B2FD6386900BB6AC0 /* PhotoAddTabView.swift */ = {isa = PBXFileReference; lastKnownFileType = sourcecode.swift; path = PhotoAddTabView.swift; sourceTree = "<group>"; };
		7E9F8B4C2FD6386900BB6AC0 /* PhotoCaptureView.swift */ = {isa = PBXFileReference; lastKnownFileType = sourcecode.swift; path = PhotoCaptureView.swift; sourceTree = "<group>"; };
		7E9F8B4D2FD6386900BB6AC0 /* ReceiptReviewView.swift */ = {isa = PBXFileReference; lastKnownFileType = sourcecode.swift; path = ReceiptReviewView.swift; sourceTree = "<group>"; };
		7E9F8B522FD638C400BB6AC0 /* CabinetInferenceService.swift */ = {isa = PBXFileReference; lastKnownFileType = sourcecode.swift; path = CabinetInferenceService.swift; sourceTree = "<group>"; };
		7E9F8B532FD638C400BB6AC0 /* GeminiService.swift */ = {isa = PBXFileReference; lastKnownFileType = sourcecode.swift; path = GeminiService.swift; sourceTree = "<group>"; };
		7E9F8B662FDA67AD00BB6AC0 /* AIDiscoveryView.swift */ = {isa = PBXFileReference; lastKnownFileType = sourcecode.swift; path = AIDiscoveryView.swift; sourceTree = "<group>"; };
		7E9F8B682FDA67C600BB6AC0 /* DiscoveryService.swift */ = {isa = PBXFileReference; lastKnownFileType = sourcecode.swift; path = DiscoveryService.swift; sourceTree = "<group>"; };
		7EC4F9C62F8494F000EC8DD9 /* Dobby.entitlements */ = {isa = PBXFileReference; lastKnownFileType = text.plist.entitlements; path = Dobby.entitlements; sourceTree = "<group>"; };
		7EC4F9C72F84951200EC8DD9 /* Info.plist */ = {isa = PBXFileReference; lastKnownFileType = text.plist; path = Info.plist; sourceTree = "<group>"; };
		A1B2C3D400000101 /* DobbyApp.swift */ = {isa = PBXFileReference; lastKnownFileType = sourcecode.swift; path = DobbyApp.swift; sourceTree = "<group>"; };
		A1B2C3D400000102 /* ContentView.swift */ = {isa = PBXFileReference; lastKnownFileType = sourcecode.swift; path = ContentView.swift; sourceTree = "<group>"; };
		A1B2C3D400000103 /* Room.swift */ = {isa = PBXFileReference; lastKnownFileType = sourcecode.swift; path = Room.swift; sourceTree = "<group>"; };
		A1B2C3D400000104 /* Cabinet.swift */ = {isa = PBXFileReference; lastKnownFileType = sourcecode.swift; path = Cabinet.swift; sourceTree = "<group>"; };
		A1B2C3D400000105 /* Item.swift */ = {isa = PBXFileReference; lastKnownFileType = sourcecode.swift; path = Item.swift; sourceTree = "<group>"; };
		A1B2C3D400000106 /* RoomListView.swift */ = {isa = PBXFileReference; lastKnownFileType = sourcecode.swift; path = RoomListView.swift; sourceTree = "<group>"; };
		A1B2C3D400000107 /* AddRoomView.swift */ = {isa = PBXFileReference; lastKnownFileType = sourcecode.swift; path = AddRoomView.swift; sourceTree = "<group>"; };
		A1B2C3D400000108 /* CabinetListView.swift */ = {isa = PBXFileReference; lastKnownFileType = sourcecode.swift; path = CabinetListView.swift; sourceTree = "<group>"; };
		A1B2C3D400000109 /* AddCabinetView.swift */ = {isa = PBXFileReference; lastKnownFileType = sourcecode.swift; path = AddCabinetView.swift; sourceTree = "<group>"; };
		A1B2C3D40000010A /* ItemListView.swift */ = {isa = PBXFileReference; lastKnownFileType = sourcecode.swift; path = ItemListView.swift; sourceTree = "<group>"; };
		A1B2C3D40000010B /* AddItemView.swift */ = {isa = PBXFileReference; lastKnownFileType = sourcecode.swift; path = AddItemView.swift; sourceTree = "<group>"; };
		A1B2C3D40000010C /* ItemDetailView.swift */ = {isa = PBXFileReference; lastKnownFileType = sourcecode.swift; path = ItemDetailView.swift; sourceTree = "<group>"; };
		A1B2C3D40000010D /* CameraView.swift */ = {isa = PBXFileReference; lastKnownFileType = sourcecode.swift; path = CameraView.swift; sourceTree = "<group>"; };
		A1B2C3D40000010E /* SearchView.swift */ = {isa = PBXFileReference; lastKnownFileType = sourcecode.swift; path = SearchView.swift; sourceTree = "<group>"; };
		A1B2C3D40000010F /* Assets.xcassets */ = {isa = PBXFileReference; lastKnownFileType = folder.assetcatalog; path = Assets.xcassets; sourceTree = "<group>"; };
		A1B2C3D400000110 /* Dobby.app */ = {isa = PBXFileReference; explicitFileType = wrapper.application; includeInIndex = 0; path = Dobby.app; sourceTree = BUILT_PRODUCTS_DIR; };
		A1B2C3D400000111 /* NotificationManager.swift */ = {isa = PBXFileReference; lastKnownFileType = sourcecode.swift; path = NotificationManager.swift; sourceTree = "<group>"; };
		A1B2C3D400000112 /* MoveItemsView.swift */ = {isa = PBXFileReference; lastKnownFileType = sourcecode.swift; path = MoveItemsView.swift; sourceTree = "<group>"; };
		A1B2C3D400000113 /* CSVService.swift */ = {isa = PBXFileReference; lastKnownFileType = sourcecode.swift; path = CSVService.swift; sourceTree = "<group>"; };
		A1B2C3D400000120 /* PersistenceController.swift */ = {isa = PBXFileReference; lastKnownFileType = sourcecode.swift; path = PersistenceController.swift; sourceTree = "<group>"; };
		A1B2C3D400000130 /* CloudSharingController.swift */ = {isa = PBXFileReference; lastKnownFileType = sourcecode.swift; path = CloudSharingController.swift; sourceTree = "<group>"; };
		A1B2C3D400000131 /* SharingManager.swift */ = {isa = PBXFileReference; lastKnownFileType = sourcecode.swift; path = SharingManager.swift; sourceTree = "<group>"; };
/* End PBXFileReference section */

/* Begin PBXFileSystemSynchronizedRootGroup section */
		7E9F8B382FD635FF00BB6AC0 /* DobbyTests */ = {isa = PBXFileSystemSynchronizedRootGroup; explicitFileTypes = {}; explicitFolders = (); path = DobbyTests; sourceTree = "<group>"; };
/* End PBXFileSystemSynchronizedRootGroup section */

/* Begin PBXFrameworksBuildPhase section */
		7E9F8B342FD635FF00BB6AC0 /* Frameworks */ = {
			isa = PBXFrameworksBuildPhase;
			buildActionMask = 2147483647;
			files = (
			);
			runOnlyForDeploymentPostprocessing = 0;
		};
		A1B2C3D400000201 /* Frameworks */ = {
			isa = PBXFrameworksBuildPhase;
			buildActionMask = 2147483647;
			files = (
			);
			runOnlyForDeploymentPostprocessing = 0;
		};
/* End PBXFrameworksBuildPhase section */

/* Begin PBXGroup section */
		A1B2C3D400000301 = {
			isa = PBXGroup;
			children = (
				A1B2C3D400000302 /* Dobby */,
				7E9F8B382FD635FF00BB6AC0 /* DobbyTests */,
				A1B2C3D400000305 /* Products */,
			);
			sourceTree = "<group>";
		};
		A1B2C3D400000302 /* Dobby */ = {
			isa = PBXGroup;
			children = (
				7EC4F9C72F84951200EC8DD9 /* Info.plist */,
				7EC4F9C62F8494F000EC8DD9 /* Dobby.entitlements */,
				A1B2C3D400000101 /* DobbyApp.swift */,
				A1B2C3D400000102 /* ContentView.swift */,
				A1B2C3D400000120 /* PersistenceController.swift */,
				A1B2C3D400000303 /* Models */,
				A1B2C3D400000304 /* Views */,
				A1B2C3D400000306 /* Services */,
				A1B2C3D400000111 /* NotificationManager.swift */,
				A1B2C3D40000010F /* Assets.xcassets */,
			);
			path = Dobby;
			sourceTree = "<group>";
		};
		A1B2C3D400000303 /* Models */ = {
			isa = PBXGroup;
			children = (
				A1B2C3D400000103 /* Room.swift */,
				A1B2C3D400000104 /* Cabinet.swift */,
				A1B2C3D400000105 /* Item.swift */,
			);
			path = Models;
			sourceTree = "<group>";
		};
		A1B2C3D400000304 /* Views */ = {
			isa = PBXGroup;
			children = (
				7E9F8B662FDA67AD00BB6AC0 /* AIDiscoveryView.swift */,
				7E9F8B4A2FD6386900BB6AC0 /* ItemConfirmView.swift */,
				7E9F8B4B2FD6386900BB6AC0 /* PhotoAddTabView.swift */,
				7E9F8B4C2FD6386900BB6AC0 /* PhotoCaptureView.swift */,
				7E9F8B4D2FD6386900BB6AC0 /* ReceiptReviewView.swift */,
				A1B2C3D400000106 /* RoomListView.swift */,
				A1B2C3D400000107 /* AddRoomView.swift */,
				A1B2C3D400000108 /* CabinetListView.swift */,
				A1B2C3D400000109 /* AddCabinetView.swift */,
				A1B2C3D40000010A /* ItemListView.swift */,
				A1B2C3D40000010B /* AddItemView.swift */,
				A1B2C3D40000010C /* ItemDetailView.swift */,
				A1B2C3D40000010D /* CameraView.swift */,
				A1B2C3D40000010E /* SearchView.swift */,
				A1B2C3D400000112 /* MoveItemsView.swift */,
			);
			path = Views;
			sourceTree = "<group>";
		};
		A1B2C3D400000305 /* Products */ = {
			isa = PBXGroup;
			children = (
				A1B2C3D400000110 /* Dobby.app */,
				7E9F8B372FD635FF00BB6AC0 /* DobbyTests.xctest */,
			);
			name = Products;
			sourceTree = "<group>";
		};
		A1B2C3D400000306 /* Services */ = {
			isa = PBXGroup;
			children = (
				7E9F8B682FDA67C600BB6AC0 /* DiscoveryService.swift */,
				7E9F8B522FD638C400BB6AC0 /* CabinetInferenceService.swift */,
				7E9F8B532FD638C400BB6AC0 /* GeminiService.swift */,
				A1B2C3D400000113 /* CSVService.swift */,
				A1B2C3D400000130 /* CloudSharingController.swift */,
				A1B2C3D400000131 /* SharingManager.swift */,
			);
			path = Services;
			sourceTree = "<group>";
		};
/* End PBXGroup section */

/* Begin PBXNativeTarget section */
		7E9F8B362FD635FF00BB6AC0 /* DobbyTests */ = {
			isa = PBXNativeTarget;
			buildConfigurationList = 7E9F8B3D2FD6360000BB6AC0 /* Build configuration list for PBXNativeTarget "DobbyTests" */;
			buildPhases = (
				7E9F8B332FD635FF00BB6AC0 /* Sources */,
				7E9F8B342FD635FF00BB6AC0 /* Frameworks */,
				7E9F8B352FD635FF00BB6AC0 /* Resources */,
			);
			buildRules = (
			);
			dependencies = (
				7E9F8B3C2FD6360000BB6AC0 /* PBXTargetDependency */,
			);
			fileSystemSynchronizedGroups = (
				7E9F8B382FD635FF00BB6AC0 /* DobbyTests */,
			);
			name = DobbyTests;
			packageProductDependencies = (
			);
			productName = DobbyTests;
			productReference = 7E9F8B372FD635FF00BB6AC0 /* DobbyTests.xctest */;
			productType = "com.apple.product-type.bundle.unit-test";
		};
		A1B2C3D400000401 /* Dobby */ = {
			isa = PBXNativeTarget;
			buildConfigurationList = A1B2C3D400000601 /* Build configuration list for PBXNativeTarget "Dobby" */;
			buildPhases = (
				A1B2C3D400000501 /* Sources */,
				A1B2C3D400000201 /* Frameworks */,
				A1B2C3D400000502 /* Resources */,
			);
			buildRules = (
			);
			dependencies = (
			);
			name = Dobby;
			productName = Dobby;
			productReference = A1B2C3D400000110 /* Dobby.app */;
			productType = "com.apple.product-type.application";
		};
/* End PBXNativeTarget section */

/* Begin PBXProject section */
		A1B2C3D400000701 /* Project object */ = {
			isa = PBXProject;
			attributes = {
				BuildIndependentTargetsInParallel = 1;
				LastSwiftUpdateCheck = 2630;
				LastUpgradeCheck = 1500;
				TargetAttributes = {
					7E9F8B362FD635FF00BB6AC0 = {
						CreatedOnToolsVersion = 26.3;
						TestTargetID = A1B2C3D400000401;
					};
					A1B2C3D400000401 = {
						CreatedOnToolsVersion = 15.0;
					};
				};
			};
			buildConfigurationList = A1B2C3D400000602 /* Build configuration list for PBXProject "Dobby" */;
			compatibilityVersion = "Xcode 14.0";
			developmentRegion = en;
			hasScannedForEncodings = 0;
			knownRegions = (
				en,
				Base,
			);
			mainGroup = A1B2C3D400000301;
			productRefGroup = A1B2C3D400000305 /* Products */;
			projectDirPath = "";
			projectRoot = "";
			targets = (
				A1B2C3D400000401 /* Dobby */,
				7E9F8B362FD635FF00BB6AC0 /* DobbyTests */,
			);
		};
/* End PBXProject section */

/* Begin PBXResourcesBuildPhase section */
		7E9F8B352FD635FF00BB6AC0 /* Resources */ = {
			isa = PBXResourcesBuildPhase;
			buildActionMask = 2147483647;
			files = (
			);
			runOnlyForDeploymentPostprocessing = 0;
		};
		A1B2C3D400000502 /* Resources */ = {
			isa = PBXResourcesBuildPhase;
			buildActionMask = 2147483647;
			files = (
				A1B2C3D40000000F /* Assets.xcassets in Resources */,
			);
			runOnlyForDeploymentPostprocessing = 0;
		};
/* End PBXResourcesBuildPhase section */

/* Begin PBXSourcesBuildPhase section */
		7E9F8B332FD635FF00BB6AC0 /* Sources */ = {
			isa = PBXSourcesBuildPhase;
			buildActionMask = 2147483647;
			files = (
			);
			runOnlyForDeploymentPostprocessing = 0;
		};
		A1B2C3D400000501 /* Sources */ = {
			isa = PBXSourcesBuildPhase;
			buildActionMask = 2147483647;
			files = (
				7E9F8B542FD638C400BB6AC0 /* CabinetInferenceService.swift in Sources */,
				7E9F8B552FD638C400BB6AC0 /* GeminiService.swift in Sources */,
				A1B2C3D400000001 /* DobbyApp.swift in Sources */,
				A1B2C3D400000002 /* ContentView.swift in Sources */,
				A1B2C3D400000003 /* Room.swift in Sources */,
				A1B2C3D400000004 /* Cabinet.swift in Sources */,
				A1B2C3D400000005 /* Item.swift in Sources */,
				A1B2C3D400000006 /* RoomListView.swift in Sources */,
				A1B2C3D400000007 /* AddRoomView.swift in Sources */,
				A1B2C3D400000008 /* CabinetListView.swift in Sources */,
				A1B2C3D400000009 /* AddCabinetView.swift in Sources */,
				A1B2C3D40000000A /* ItemListView.swift in Sources */,
				A1B2C3D40000000B /* AddItemView.swift in Sources */,
				A1B2C3D40000000C /* ItemDetailView.swift in Sources */,
				A1B2C3D40000000D /* CameraView.swift in Sources */,
				A1B2C3D40000000E /* SearchView.swift in Sources */,
				7E9F8B672FDA67AD00BB6AC0 /* AIDiscoveryView.swift in Sources */,
				A1B2C3D400000010 /* NotificationManager.swift in Sources */,
				7E9F8B692FDA67C600BB6AC0 /* DiscoveryService.swift in Sources */,
				A1B2C3D400000011 /* MoveItemsView.swift in Sources */,
				A1B2C3D400000012 /* CSVService.swift in Sources */,
				A1B2C3D400000030 /* CloudSharingController.swift in Sources */,
				A1B2C3D400000031 /* SharingManager.swift in Sources */,
				7E9F8B4E2FD6386900BB6AC0 /* PhotoAddTabView.swift in Sources */,
				7E9F8B4F2FD6386900BB6AC0 /* ItemConfirmView.swift in Sources */,
				7E9F8B502FD6386900BB6AC0 /* PhotoCaptureView.swift in Sources */,
				7E9F8B512FD6386900BB6AC0 /* ReceiptReviewView.swift in Sources */,
				A1B2C3D400000020 /* PersistenceController.swift in Sources */,
			);
			runOnlyForDeploymentPostprocessing = 0;
		};
/* End PBXSourcesBuildPhase section */

/* Begin PBXTargetDependency section */
		7E9F8B3C2FD6360000BB6AC0 /* PBXTargetDependency */ = {
			isa = PBXTargetDependency;
			target = A1B2C3D400000401 /* Dobby */;
			targetProxy = 7E9F8B3B2FD6360000BB6AC0 /* PBXContainerItemProxy */;
		};
/* End PBXTargetDependency section */

/* Begin XCBuildConfiguration section */
		7E9F8B3E2FD6360000BB6AC0 /* Debug */ = {
			isa = XCBuildConfiguration;
			buildSettings = {
				BUNDLE_LOADER = "$(TEST_HOST)";
				CODE_SIGN_STYLE = Automatic;
				CURRENT_PROJECT_VERSION = 1;
				DEVELOPMENT_TEAM = C49L8788KT;
				GENERATE_INFOPLIST_FILE = YES;
				IPHONEOS_DEPLOYMENT_TARGET = 26.2;
				MARKETING_VERSION = 1.0;
				PRODUCT_BUNDLE_IDENTIFIER = com.dobby.DobbyTests;
				PRODUCT_NAME = "$(TARGET_NAME)";
				STRING_CATALOG_GENERATE_SYMBOLS = NO;
				SWIFT_APPROACHABLE_CONCURRENCY = YES;
				SWIFT_EMIT_LOC_STRINGS = NO;
				SWIFT_UPCOMING_FEATURE_MEMBER_IMPORT_VISIBILITY = YES;
				SWIFT_VERSION = 5.0;
				TARGETED_DEVICE_FAMILY = "1,2";
				TEST_HOST = "$(BUILT_PRODUCTS_DIR)/Dobby.app/$(BUNDLE_EXECUTABLE_FOLDER_PATH)/Dobby";
			};
			name = Debug;
		};
		7E9F8B3F2FD6360000BB6AC0 /* Release */ = {
			isa = XCBuildConfiguration;
			buildSettings = {
				BUNDLE_LOADER = "$(TEST_HOST)";
				CODE_SIGN_STYLE = Automatic;
				CURRENT_PROJECT_VERSION = 1;
				DEVELOPMENT_TEAM = C49L8788KT;
				GENERATE_INFOPLIST_FILE = YES;
				IPHONEOS_DEPLOYMENT_TARGET = 26.2;
				MARKETING_VERSION = 1.0;
				PRODUCT_BUNDLE_IDENTIFIER = com.dobby.DobbyTests;
				PRODUCT_NAME = "$(TARGET_NAME)";
				STRING_CATALOG_GENERATE_SYMBOLS = NO;
				SWIFT_APPROACHABLE_CONCURRENCY = YES;
				SWIFT_EMIT_LOC_STRINGS = NO;
				SWIFT_UPCOMING_FEATURE_MEMBER_IMPORT_VISIBILITY = YES;
				SWIFT_VERSION = 5.0;
				TARGETED_DEVICE_FAMILY = "1,2";
				TEST_HOST = "$(BUILT_PRODUCTS_DIR)/Dobby.app/$(BUNDLE_EXECUTABLE_FOLDER_PATH)/Dobby";
			};
			name = Release;
		};
		A1B2C3D400000801 /* Debug */ = {
			isa = XCBuildConfiguration;
			buildSettings = {
				ALWAYS_SEARCH_USER_PATHS = NO;
				ASSETCATALOG_COMPILER_GENERATE_SWIFT_ASSET_SYMBOL_EXTENSIONS = YES;
				CLANG_ANALYZER_NONNULL = YES;
				CLANG_ANALYZER_NUMBER_OBJECT_CONVERSION = YES_AGGRESSIVE;
				CLANG_CXX_LANGUAGE_STANDARD = "gnu++20";
				CLANG_ENABLE_MODULES = YES;
				CLANG_ENABLE_OBJC_ARC = YES;
				CLANG_ENABLE_OBJC_WEAK = YES;
				CLANG_WARN_BLOCK_CAPTURE_AUTORELEASING = YES;
				CLANG_WARN_BOOL_CONVERSION = YES;
				CLANG_WARN_COMMA = YES;
				CLANG_WARN_CONSTANT_CONVERSION = YES;
				CLANG_WARN_DEPRECATED_OBJC_IMPLEMENTATIONS = YES;
				CLANG_WARN_DIRECT_OBJC_ISA_USAGE = YES_ERROR;
				CLANG_WARN_DOCUMENTATION_COMMENTS = YES;
				CLANG_WARN_EMPTY_BODY = YES;
				CLANG_WARN_ENUM_CONVERSION = YES;
				CLANG_WARN_INFINITE_RECURSION = YES;
				CLANG_WARN_INT_CONVERSION = YES;
				CLANG_WARN_NON_LITERAL_NULL_CONVERSION = YES;
				CLANG_WARN_OBJC_IMPLICIT_RETAIN_SELF = YES;
				CLANG_WARN_OBJC_LITERAL_CONVERSION = YES;
				CLANG_WARN_OBJC_ROOT_CLASS = YES_ERROR;
				CLANG_WARN_QUOTED_INCLUDE_IN_FRAMEWORK_HEADER = YES;
				CLANG_WARN_RANGE_LOOP_ANALYSIS = YES;
				CLANG_WARN_STRICT_PROTOTYPES = YES;
				CLANG_WARN_SUSPICIOUS_MOVE = YES;
				CLANG_WARN_UNGUARDED_AVAILABILITY = YES_AGGRESSIVE;
				CLANG_WARN_UNREACHABLE_CODE = YES;
				CLANG_WARN__DUPLICATE_METHOD_MATCH = YES;
				COPY_PHASE_STRIP = NO;
				DEBUG_INFORMATION_FORMAT = dwarf;
				ENABLE_STRICT_OBJC_MSGSEND = YES;
				ENABLE_TESTABILITY = YES;
				ENABLE_USER_SCRIPT_SANDBOXING = YES;
				GCC_C_LANGUAGE_STANDARD = gnu17;
				GCC_DYNAMIC_NO_PIC = NO;
				GCC_NO_COMMON_BLOCKS = YES;
				GCC_OPTIMIZATION_LEVEL = 0;
				GCC_PREPROCESSOR_DEFINITIONS = (
					"DEBUG=1",
					"$(inherited)",
				);
				GCC_WARN_64_TO_32_BIT_CONVERSION = YES;
				GCC_WARN_ABOUT_RETURN_TYPE = YES_ERROR;
				GCC_WARN_UNDECLARED_SELECTOR = YES;
				GCC_WARN_UNINITIALIZED_AUTOS = YES_AGGRESSIVE;
				GCC_WARN_UNUSED_FUNCTION = YES;
				GCC_WARN_UNUSED_VARIABLE = YES;
				IPHONEOS_DEPLOYMENT_TARGET = 17.0;
				LOCALIZATION_PREFERS_STRING_CATALOGS = YES;
				MTL_ENABLE_DEBUG_INFO = INCLUDE_SOURCE;
				MTL_FAST_MATH = YES;
				ONLY_ACTIVE_ARCH = YES;
				SDKROOT = iphoneos;
				SWIFT_ACTIVE_COMPILATION_CONDITIONS = "DEBUG $(inherited)";
				SWIFT_OPTIMIZATION_LEVEL = "-Onone";
			};
			name = Debug;
		};
		A1B2C3D400000802 /* Release */ = {
			isa = XCBuildConfiguration;
			buildSettings = {
				ALWAYS_SEARCH_USER_PATHS = NO;
				ASSETCATALOG_COMPILER_GENERATE_SWIFT_ASSET_SYMBOL_EXTENSIONS = YES;
				CLANG_ANALYZER_NONNULL = YES;
				CLANG_ANALYZER_NUMBER_OBJECT_CONVERSION = YES_AGGRESSIVE;
				CLANG_CXX_LANGUAGE_STANDARD = "gnu++20";
				CLANG_ENABLE_MODULES = YES;
				CLANG_ENABLE_OBJC_ARC = YES;
				CLANG_ENABLE_OBJC_WEAK = YES;
				CLANG_WARN_BLOCK_CAPTURE_AUTORELEASING = YES;
				CLANG_WARN_BOOL_CONVERSION = YES;
				CLANG_WARN_COMMA = YES;
				CLANG_WARN_CONSTANT_CONVERSION = YES;
				CLANG_WARN_DEPRECATED_OBJC_IMPLEMENTATIONS = YES;
				CLANG_WARN_DIRECT_OBJC_ISA_USAGE = YES_ERROR;
				CLANG_WARN_DOCUMENTATION_COMMENTS = YES;
				CLANG_WARN_EMPTY_BODY = YES;
				CLANG_WARN_ENUM_CONVERSION = YES;
				CLANG_WARN_INFINITE_RECURSION = YES;
				CLANG_WARN_INT_CONVERSION = YES;
				CLANG_WARN_NON_LITERAL_NULL_CONVERSION = YES;
				CLANG_WARN_OBJC_IMPLICIT_RETAIN_SELF = YES;
				CLANG_WARN_OBJC_LITERAL_CONVERSION = YES;
				CLANG_WARN_OBJC_ROOT_CLASS = YES_ERROR;
				CLANG_WARN_QUOTED_INCLUDE_IN_FRAMEWORK_HEADER = YES;
				CLANG_WARN_RANGE_LOOP_ANALYSIS = YES;
				CLANG_WARN_STRICT_PROTOTYPES = YES;
				CLANG_WARN_SUSPICIOUS_MOVE = YES;
				CLANG_WARN_UNGUARDED_AVAILABILITY = YES_AGGRESSIVE;
				CLANG_WARN_UNREACHABLE_CODE = YES;
				CLANG_WARN__DUPLICATE_METHOD_MATCH = YES;
				COPY_PHASE_STRIP = NO;
				DEBUG_INFORMATION_FORMAT = "dwarf-with-dsym";
				ENABLE_NS_ASSERTIONS = NO;
				ENABLE_STRICT_OBJC_MSGSEND = YES;
				ENABLE_USER_SCRIPT_SANDBOXING = YES;
				GCC_C_LANGUAGE_STANDARD = gnu17;
				GCC_NO_COMMON_BLOCKS = YES;
				GCC_WARN_64_TO_32_BIT_CONVERSION = YES;
				GCC_WARN_ABOUT_RETURN_TYPE = YES_ERROR;
				GCC_WARN_UNDECLARED_SELECTOR = YES;
				GCC_WARN_UNINITIALIZED_AUTOS = YES_AGGRESSIVE;
				GCC_WARN_UNUSED_FUNCTION = YES;
				GCC_WARN_UNUSED_VARIABLE = YES;
				IPHONEOS_DEPLOYMENT_TARGET = 17.0;
				LOCALIZATION_PREFERS_STRING_CATALOGS = YES;
				MTL_ENABLE_DEBUG_INFO = NO;
				MTL_FAST_MATH = YES;
				SDKROOT = iphoneos;
				SWIFT_COMPILATION_MODE = wholemodule;
				VALIDATE_PRODUCT = YES;
			};
			name = Release;
		};
		A1B2C3D400000803 /* Debug */ = {
			isa = XCBuildConfiguration;
			buildSettings = {
				ASSETCATALOG_COMPILER_APPICON_NAME = AppIcon;
				ASSETCATALOG_COMPILER_GLOBAL_ACCENT_COLOR_NAME = AccentColor;
				CODE_SIGN_ENTITLEMENTS = Dobby/Dobby.entitlements;
				CODE_SIGN_IDENTITY = "Apple Development";
				CODE_SIGN_STYLE = Automatic;
				CURRENT_PROJECT_VERSION = 1;
				DEVELOPMENT_TEAM = C49L8788KT;
				ENABLE_PREVIEWS = YES;
				GENERATE_INFOPLIST_FILE = YES;
				INFOPLIST_FILE = Dobby/Info.plist;
				INFOPLIST_KEY_NSCameraUsageDescription = "需要使用相机拍摄物品照片";
				INFOPLIST_KEY_NSPhotoLibraryUsageDescription = "需要访问相册选择物品照片";
				INFOPLIST_KEY_UIApplicationSceneManifest_Generation = YES;
				INFOPLIST_KEY_UIApplicationSupportsIndirectInputEvents = YES;
				INFOPLIST_KEY_UILaunchScreen_Generation = YES;
				INFOPLIST_KEY_UISupportedInterfaceOrientations_iPad = "UIInterfaceOrientationPortrait UIInterfaceOrientationPortraitUpsideDown UIInterfaceOrientationLandscapeLeft UIInterfaceOrientationLandscapeRight";
				INFOPLIST_KEY_UISupportedInterfaceOrientations_iPhone = "UIInterfaceOrientationPortrait UIInterfaceOrientationLandscapeLeft UIInterfaceOrientationLandscapeRight";
				LD_RUNPATH_SEARCH_PATHS = (
					"$(inherited)",
					"@executable_path/Frameworks",
				);
				MARKETING_VERSION = 1.0;
				PRODUCT_BUNDLE_IDENTIFIER = "com.dobby.home-inventory";
				PRODUCT_NAME = "$(TARGET_NAME)";
				PROVISIONING_PROFILE_SPECIFIER = "";
				SUPPORTED_PLATFORMS = "iphoneos iphonesimulator";
				SUPPORTS_MACCATALYST = NO;
				SUPPORTS_MAC_DESIGNED_FOR_IPHONE_IPAD = NO;
				SWIFT_EMIT_LOC_STRINGS = YES;
				SWIFT_VERSION = 5.0;
				TARGETED_DEVICE_FAMILY = "1,2";
			};
			name = Debug;
		};
		A1B2C3D400000804 /* Release */ = {
			isa = XCBuildConfiguration;
			buildSettings = {
				ASSETCATALOG_COMPILER_APPICON_NAME = AppIcon;
				ASSETCATALOG_COMPILER_GLOBAL_ACCENT_COLOR_NAME = AccentColor;
				CODE_SIGN_ENTITLEMENTS = Dobby/Dobby.entitlements;
				CODE_SIGN_IDENTITY = "Apple Development";
				CODE_SIGN_STYLE = Automatic;
				CURRENT_PROJECT_VERSION = 1;
				DEVELOPMENT_TEAM = C49L8788KT;
				ENABLE_PREVIEWS = YES;
				GENERATE_INFOPLIST_FILE = YES;
				INFOPLIST_FILE = Dobby/Info.plist;
				INFOPLIST_KEY_NSCameraUsageDescription = "需要使用相机拍摄物品照片";
				INFOPLIST_KEY_NSPhotoLibraryUsageDescription = "需要访问相册选择物品照片";
				INFOPLIST_KEY_UIApplicationSceneManifest_Generation = YES;
				INFOPLIST_KEY_UIApplicationSupportsIndirectInputEvents = YES;
				INFOPLIST_KEY_UILaunchScreen_Generation = YES;
				INFOPLIST_KEY_UISupportedInterfaceOrientations_iPad = "UIInterfaceOrientationPortrait UIInterfaceOrientationPortraitUpsideDown UIInterfaceOrientationLandscapeLeft UIInterfaceOrientationLandscapeRight";
				INFOPLIST_KEY_UISupportedInterfaceOrientations_iPhone = "UIInterfaceOrientationPortrait UIInterfaceOrientationLandscapeLeft UIInterfaceOrientationLandscapeRight";
				LD_RUNPATH_SEARCH_PATHS = (
					"$(inherited)",
					"@executable_path/Frameworks",
				);
				MARKETING_VERSION = 1.0;
				PRODUCT_BUNDLE_IDENTIFIER = "com.dobby.home-inventory";
				PRODUCT_NAME = "$(TARGET_NAME)";
				PROVISIONING_PROFILE_SPECIFIER = "";
				SUPPORTED_PLATFORMS = "iphoneos iphonesimulator";
				SUPPORTS_MACCATALYST = NO;
				SUPPORTS_MAC_DESIGNED_FOR_IPHONE_IPAD = NO;
				SWIFT_EMIT_LOC_STRINGS = YES;
				SWIFT_VERSION = 5.0;
				TARGETED_DEVICE_FAMILY = "1,2";
			};
			name = Release;
		};
/* End XCBuildConfiguration section */

/* Begin XCConfigurationList section */
		7E9F8B3D2FD6360000BB6AC0 /* Build configuration list for PBXNativeTarget "DobbyTests" */ = {
			isa = XCConfigurationList;
			buildConfigurations = (
				7E9F8B3E2FD6360000BB6AC0 /* Debug */,
				7E9F8B3F2FD6360000BB6AC0 /* Release */,
			);
			defaultConfigurationIsVisible = 0;
			defaultConfigurationName = Release;
		};
		A1B2C3D400000601 /* Build configuration list for PBXNativeTarget "Dobby" */ = {
			isa = XCConfigurationList;
			buildConfigurations = (
				A1B2C3D400000803 /* Debug */,
				A1B2C3D400000804 /* Release */,
			);
			defaultConfigurationIsVisible = 0;
			defaultConfigurationName = Release;
		};
		A1B2C3D400000602 /* Build configuration list for PBXProject "Dobby" */ = {
			isa = XCConfigurationList;
			buildConfigurations = (
				A1B2C3D400000801 /* Debug */,
				A1B2C3D400000802 /* Release */,
			);
			defaultConfigurationIsVisible = 0;
			defaultConfigurationName = Release;
		};
/* End XCConfigurationList section */
	};
	rootObject = A1B2C3D400000701 /* Project object */;
}
